PODS:
  - FlutterMacOS (1.0.0)
  - rive_common (0.0.1):
    - FlutterMacOS

DEPENDENCIES:
  - FlutterMacOS (from `Flutter/ephemeral`)
  - rive_common (from `Flutter/ephemeral/.symlinks/plugins/rive_common/macos`)

EXTERNAL SOURCES:
  FlutterMacOS:
    :path: Flutter/ephemeral
  rive_common:
    :path: Flutter/ephemeral/.symlinks/plugins/rive_common/macos

SPEC CHECKSUMS:
  FlutterMacOS: d0db08ddef1a9af05a5ec4b724367152bb0500b1
  rive_common: 9580b9f1f08a8c85006083078e80479edf3db26a

PODFILE CHECKSUM: 54d867c82ac51cbd61b565781b9fada492027009

COCOAPODS: 1.13.0
